{
  "name": "franc",
  "version": "4.1.0",
  "lockfileVersion": 1,
  "requires": true,
  "dependencies": {
    "collapse-white-space": {
      "version": "1.0.5",
      "resolved": "https://registry.npmjs.org/collapse-white-space/-/collapse-white-space-1.0.5.tgz",
      "integrity": "sha512-703bOOmytCYAX9cXYqoikYIx6twmFCXsnzRQheBcTG3nzKYBR4P/+wkYeH+Mvj7qUz8zZDtdyzbxfnEi/kYzRQ=="
    },
    "n-gram": {
      "version": "1.1.1",
      "resolved": "https://registry.npmjs.org/n-gram/-/n-gram-1.1.1.tgz",
      "integrity": "sha512-qibRqvUghLIVsq+RTwVuwOzgOxf0l4DDZKVYAK0bMam5sG9ZzaJ6BUSJyG2Td8kTc7c/HcMUtjiN5ShobZA2bA=="
    },
    "trigram-utils": {
      "version": "1.0.2",
      "resolved": "https://registry.npmjs.org/trigram-utils/-/trigram-utils-1.0.2.tgz",
      "integrity": "sha512-4/DmYtegpRAyTHPpL+asfLHfTdrTZ5N0FNaixyb4L6Bx3mi+g1wgsFJNixZ9Ycsjs3+FrK4zJoWW86cdMaL8RA==",
      "requires": {
        "collapse-white-space": "^1.0.3",
        "n-gram": "^1.0.0",
        "trim": "0.0.1"
      }
    },
    "trim": {
      "version": "0.0.1",
      "resolved": "https://registry.npmjs.org/trim/-/trim-0.0.1.tgz",
      "integrity": "sha1-WFhUf2spB1fulczMZm+1AITEYN0="
    }
  }
}
